<?xml version="1.0" encoding="utf-8"?>
<Project ToolsVersion="4.0" xmlns="http://schemas.microsoft.com/developer/msbuild/2003">
  <ItemGroup>
    <Filter Include="Source Files">
      <UniqueIdentifier>{4FC737F1-C7A5-4376-A066-2A32D752A2FF}</UniqueIdentifier>
      <Extensions>cpp;c;cc;cxx;def;odl;idl;hpj;bat;asm;asmx</Extensions>
    </Filter>
    <Filter Include="Header Files">
      <UniqueIdentifier>{93995380-89BD-4b04-88EB-625FBE52EBFB}</UniqueIdentifier>
      <Extensions>h;hpp;hxx;hm;inl;inc;xsd</Extensions>
    </Filter>
    <Filter Include="Shader">
      <UniqueIdentifier>{67DA6AB6-F800-4c08-8B7A-83BB121AAD01}</UniqueIdentifier>
      <Extensions>rc;ico;cur;bmp;dlg;rc2;rct;bin;rgs;gif;jpg;jpeg;jpe;resx;tiff;tif;png;wav;mfcribbon-ms</Extensions>
    </Filter>
    <Filter Include="SoundEngine">
      <UniqueIdentifier>{2aaf3674-dd40-4973-8e30-884ed6f8146a}</UniqueIdentifier>
    </Filter>
    <Filter Include="Map_Editor">
      <UniqueIdentifier>{065952a4-708b-4fc0-9a73-c93baec6b8f6}</UniqueIdentifier>
    </Filter>
    <Filter Include="Cinematic">
      <UniqueIdentifier>{d2f5fb59-278f-4763-85d7-1bac9daa0bfe}</UniqueIdentifier>
    </Filter>
    <Filter Include="Text_Display">
      <UniqueIdentifier>{639de436-410f-4a64-8296-a3500276fd25}</UniqueIdentifier>
    </Filter>
    <Filter Include="Text_Display\Text_Manager">
      <UniqueIdentifier>{c1f6c7b5-10f1-4429-a31e-ed70ee1215a7}</UniqueIdentifier>
    </Filter>
    <Filter Include="Text_Display\Text">
      <UniqueIdentifier>{723c2f04-a0cf-448f-a4c9-a3330afd6088}</UniqueIdentifier>
    </Filter>
    <Filter Include="Debugger">
      <UniqueIdentifier>{24f69075-1fe2-4c32-8bad-dd69b51a8e13}</UniqueIdentifier>
    </Filter>
    <Filter Include="Physics">
      <UniqueIdentifier>{3ab3c84a-1325-4564-807f-f1c411a74bb7}</UniqueIdentifier>
    </Filter>
    <Filter Include="World">
      <UniqueIdentifier>{e9eba720-4117-47a1-afdd-04d23fcd14d9}</UniqueIdentifier>
    </Filter>
    <Filter Include="Player">
      <UniqueIdentifier>{48951b76-8be5-4543-9d17-bb08ff834072}</UniqueIdentifier>
    </Filter>
    <Filter Include="Enemy">
      <UniqueIdentifier>{30d78019-88cd-46c4-b2df-4663326df0fa}</UniqueIdentifier>
    </Filter>
    <Filter Include="Battle">
      <UniqueIdentifier>{6695e7dd-bbab-4afe-8e1b-0f8432c02953}</UniqueIdentifier>
    </Filter>
    <Filter Include="Collision">
      <UniqueIdentifier>{bb8c26a4-2a06-4f19-b191-6badbffe62a2}</UniqueIdentifier>
    </Filter>
    <Filter Include="Adjuster">
      <UniqueIdentifier>{9f0b9cbf-d0fc-4612-9d74-04975a5e30e7}</UniqueIdentifier>
    </Filter>
  </ItemGroup>
  <ItemGroup>
    <ClCompile Include="Source\Application.cpp">
      <Filter>Source Files</Filter>
    </ClCompile>
    <ClCompile Include="Source\main.cpp">
      <Filter>Source Files</Filter>
    </ClCompile>
    <ClCompile Include="Source\FPSCamera.cpp">
      <Filter>Source Files</Filter>
    </ClCompile>
    <ClCompile Include="Source\OBJMesh.cpp">
      <Filter>Source Files</Filter>
    </ClCompile>
    <ClCompile Include="Source\Light.cpp">
      <Filter>Source Files</Filter>
    </ClCompile>
    <ClCompile Include="Source\SoundEngine.cpp">
      <Filter>SoundEngine</Filter>
    </ClCompile>
    <ClCompile Include="Source\DepthFBO.cpp">
      <Filter>Source Files</Filter>
    </ClCompile>
    <ClCompile Include="Source\Attributes.cpp">
      <Filter>Source Files</Filter>
    </ClCompile>
    <ClCompile Include="Source\Map_Editor\Map_Editor.cpp">
      <Filter>Map_Editor</Filter>
    </ClCompile>
    <ClCompile Include="Source\Cinematic\Cinematic.cpp">
      <Filter>Cinematic</Filter>
    </ClCompile>
    <ClCompile Include="Source\Cinematic\Cinematic.cpp">
      <Filter>Source Files</Filter>
    </ClCompile>
    <ClCompile Include="Source\Text_Display\Text\Text.cpp">
      <Filter>Text_Display\Text</Filter>
    </ClCompile>
    <ClCompile Include="Source\Text_Display\Text_Manager\Text_Manager.cpp">
      <Filter>Text_Display\Text_Manager</Filter>
    </ClCompile>
    <ClCompile Include="Source\Debugger\Debugger.cpp">
      <Filter>Debugger</Filter>
    </ClCompile>
    <ClCompile Include="Source\Debugger\Debug_Message.cpp">
      <Filter>Debugger</Filter>
    </ClCompile>
    <ClCompile Include="Source\World\World.cpp">
      <Filter>World</Filter>
    </ClCompile>
    <ClCompile Include="Source\Player\Player.cpp">
      <Filter>Player</Filter>
    </ClCompile>
    <ClCompile Include="Source\Enemy\Enemy.cpp">
      <Filter>Enemy</Filter>
    </ClCompile>
    <ClCompile Include="Source\Collision\Collision.cpp">
      <Filter>Collision</Filter>
    </ClCompile>
    <ClCompile Include="Source\Enemy\Enemy_Manager.cpp">
      <Filter>Enemy</Filter>
    </ClCompile>
    <ClCompile Include="Source\Battle\Battle.cpp">
      <Filter>Battle</Filter>
    </ClCompile>
    <ClCompile Include="Source\Battle\Battle_Option.cpp">
      <Filter>Battle</Filter>
    </ClCompile>
    <ClCompile Include="Source\Adjuster\Adjuster.cpp">
      <Filter>Adjuster</Filter>
    </ClCompile>
    <ClCompile Include="Source\Battle\Bullet.cpp">
      <Filter>Battle</Filter>
    </ClCompile>
    <ClCompile Include="Source\Battle\Bullet_Manager.cpp">
      <Filter>Battle</Filter>
    </ClCompile>
  </ItemGroup>
  <ItemGroup>
    <ClInclude Include="Source\Application.h">
      <Filter>Header Files</Filter>
    </ClInclude>
    <ClInclude Include="Source\FPSCamera.h">
      <Filter>Header Files</Filter>
    </ClInclude>
    <ClInclude Include="Source\OBJMesh.h">
      <Filter>Header Files</Filter>
    </ClInclude>
    <ClInclude Include="Source\Light.h">
      <Filter>Header Files</Filter>
    </ClInclude>
    <ClInclude Include="Source\SoundEngine.h">
      <Filter>SoundEngine</Filter>
    </ClInclude>
    <ClInclude Include="Source\DepthFBO.h">
      <Filter>Header Files</Filter>
    </ClInclude>
    <ClInclude Include="Source\Attributes.h">
      <Filter>Source Files</Filter>
    </ClInclude>
    <ClInclude Include="Source\Map_Editor\Map_Editor.h">
      <Filter>Map_Editor</Filter>
    </ClInclude>
    <ClInclude Include="Source\Cinematic\Cinematic.h">
      <Filter>Cinematic</Filter>
    </ClInclude>
    <ClInclude Include="Source\Text_Display\Text\Text.h">
      <Filter>Text_Display\Text</Filter>
    </ClInclude>
    <ClInclude Include="Source\Text_Display\Text_Manager\Text_Manager.h">
      <Filter>Text_Display\Text_Manager</Filter>
    </ClInclude>
    <ClInclude Include="Source\Debugger\Debugger.h">
      <Filter>Debugger</Filter>
    </ClInclude>
    <ClInclude Include="Source\Debugger\Debug_Message.h">
      <Filter>Debugger</Filter>
    </ClInclude>
    <ClInclude Include="Source\Physics\Physics.h">
      <Filter>Physics</Filter>
    </ClInclude>
    <ClInclude Include="Source\World\World.h">
      <Filter>World</Filter>
    </ClInclude>
    <ClInclude Include="Source\Player\Player.h">
      <Filter>Player</Filter>
    </ClInclude>
    <ClInclude Include="Source\Enemy\Enemy.h">
      <Filter>Enemy</Filter>
    </ClInclude>
    <ClInclude Include="Source\Collision\Collision.h">
      <Filter>Collision</Filter>
    </ClInclude>
    <ClInclude Include="Source\Enemy\Enemy_Manager.h">
      <Filter>Enemy</Filter>
    </ClInclude>
    <ClInclude Include="Source\Battle\Battle.h">
      <Filter>Battle</Filter>
    </ClInclude>
    <ClInclude Include="Source\Battle\Battle_Option.h">
      <Filter>Battle</Filter>
    </ClInclude>
    <ClInclude Include="Source\Adjuster\Adjuster.h">
      <Filter>Adjuster</Filter>
    </ClInclude>
    <ClInclude Include="Source\Battle\Bullet.h">
      <Filter>Battle</Filter>
    </ClInclude>
    <ClInclude Include="Source\Battle\Bullet_Manager.h">
      <Filter>Battle</Filter>
    </ClInclude>
  </ItemGroup>
</Project>